// !$*UTF8*$!
{
	archiveVersion = 1;
	classes = {
	};
	objectVersion = 51;
	objects = {

/* Begin PBXBuildFile section */
		380C3F912264DDD0007C1518 /* GoogleService-Info.plist in Resources */ = {isa = PBXBuildFile; fileRef = 380C3F902264DDD0007C1518 /* GoogleService-Info.plist */; };
		382C6A03224513AF00ACF784 /* ConfirmCodeViewController.swift in Sources */ = {isa = PBXBuildFile; fileRef = 382C6A02224513AF00ACF784 /* ConfirmCodeViewController.swift */; };
		382C6A0C2248F26B00ACF784 /* Extensions.swift in Sources */ = {isa = PBXBuildFile; fileRef = 382C6A0B2248F26B00ACF784 /* Extensions.swift */; };
		383128CD225631CF0057C726 /* NotificationsViewController.swift in Sources */ = {isa = PBXBuildFile; fileRef = 383128CC225631CF0057C726 /* NotificationsViewController.swift */; };
		383128CF2256322C0057C726 /* NotificationResponse.swift in Sources */ = {isa = PBXBuildFile; fileRef = 383128CE2256322C0057C726 /* NotificationResponse.swift */; };
		383128D122563E930057C726 /* OrderFilesViewController.swift in Sources */ = {isa = PBXBuildFile; fileRef = 383128D022563E930057C726 /* OrderFilesViewController.swift */; };
		3831296A225B69D20057C726 /* CustomDetailViewController.swift in Sources */ = {isa = PBXBuildFile; fileRef = 38312969225B69D20057C726 /* CustomDetailViewController.swift */; };
		3831296C225B7D470057C726 /* FilterView.swift in Sources */ = {isa = PBXBuildFile; fileRef = 3831296B225B7D470057C726 /* FilterView.swift */; };
		3831296F225CC08F0057C726 /* OrderFileDetailViewController.swift in Sources */ = {isa = PBXBuildFile; fileRef = 3831296E225CC08F0057C726 /* OrderFileDetailViewController.swift */; };
		3845ACAE2264851400D402F8 /* SettingsViewController.swift in Sources */ = {isa = PBXBuildFile; fileRef = 3845ACAD2264851400D402F8 /* SettingsViewController.swift */; };
		3845ACB0226490A800D402F8 /* NotificationManager.swift in Sources */ = {isa = PBXBuildFile; fileRef = 3845ACAF226490A800D402F8 /* NotificationManager.swift */; };
		3848BD682243E4EE0047FBC9 /* AppDelegate.swift in Sources */ = {isa = PBXBuildFile; fileRef = 3848BD672243E4EE0047FBC9 /* AppDelegate.swift */; };
		3848BD6A2243E4EE0047FBC9 /* MainViewController.swift in Sources */ = {isa = PBXBuildFile; fileRef = 3848BD692243E4EE0047FBC9 /* MainViewController.swift */; };
		3848BD6D2243E4EE0047FBC9 /* Main.storyboard in Resources */ = {isa = PBXBuildFile; fileRef = 3848BD6B2243E4EE0047FBC9 /* Main.storyboard */; };
		3848BD6F2243E4EE0047FBC9 /* Assets.xcassets in Resources */ = {isa = PBXBuildFile; fileRef = 3848BD6E2243E4EE0047FBC9 /* Assets.xcassets */; };
		3848BD722243E4EE0047FBC9 /* LaunchScreen.storyboard in Resources */ = {isa = PBXBuildFile; fileRef = 3848BD702243E4EE0047FBC9 /* LaunchScreen.storyboard */; };
		3848BD7A2244CD7F0047FBC9 /* API.swift in Sources */ = {isa = PBXBuildFile; fileRef = 3848BD792244CD7F0047FBC9 /* API.swift */; };
		386C4116224EBAC800FDFE15 /* OrderDetailViewController.swift in Sources */ = {isa = PBXBuildFile; fileRef = 386C4115224EBAC800FDFE15 /* OrderDetailViewController.swift */; };
		3871C6FD22492001004D3829 /* RemainsViewController.swift in Sources */ = {isa = PBXBuildFile; fileRef = 3871C6FC22492001004D3829 /* RemainsViewController.swift */; };
		3891F5F9224B74F0006AE04E /* BalanceViewController.swift in Sources */ = {isa = PBXBuildFile; fileRef = 3891F5F8224B74F0006AE04E /* BalanceViewController.swift */; };
		3891F5FB224B84B1006AE04E /* BalanceDetailViewController.swift in Sources */ = {isa = PBXBuildFile; fileRef = 3891F5FA224B84B1006AE04E /* BalanceDetailViewController.swift */; };
		3891F5FD224B9305006AE04E /* AboutAppViewController.swift in Sources */ = {isa = PBXBuildFile; fileRef = 3891F5FC224B9305006AE04E /* AboutAppViewController.swift */; };
		3891F5FF224B9520006AE04E /* HelpViewController.swift in Sources */ = {isa = PBXBuildFile; fileRef = 3891F5FE224B9520006AE04E /* HelpViewController.swift */; };
		3891F612224CD53F006AE04E /* AuthorizationResponse.swift in Sources */ = {isa = PBXBuildFile; fileRef = 3891F611224CD53F006AE04E /* AuthorizationResponse.swift */; };
		3891F614224CD54D006AE04E /* AccountItem.swift in Sources */ = {isa = PBXBuildFile; fileRef = 3891F613224CD54D006AE04E /* AccountItem.swift */; };
		3891F616224CD55A006AE04E /* TokenResponse.swift in Sources */ = {isa = PBXBuildFile; fileRef = 3891F615224CD55A006AE04E /* TokenResponse.swift */; };
		3891F618224CD586006AE04E /* Order.swift in Sources */ = {isa = PBXBuildFile; fileRef = 3891F617224CD586006AE04E /* Order.swift */; };
		3891F61A224CF036006AE04E /* Custom.swift in Sources */ = {isa = PBXBuildFile; fileRef = 3891F619224CF036006AE04E /* Custom.swift */; };
		3891F61C224CF3D2006AE04E /* Transaction.swift in Sources */ = {isa = PBXBuildFile; fileRef = 3891F61B224CF3D2006AE04E /* Transaction.swift */; };
		38A38ED3224505C700505D36 /* Database.swift in Sources */ = {isa = PBXBuildFile; fileRef = 38A38ED2224505C700505D36 /* Database.swift */; };
		38A38ED82245067F00505D36 /* Storyboard.swift in Sources */ = {isa = PBXBuildFile; fileRef = 38A38ED72245067F00505D36 /* Storyboard.swift */; };
		38A38EDA224509D500505D36 /* LoginViewController.swift in Sources */ = {isa = PBXBuildFile; fileRef = 38A38ED9224509D500505D36 /* LoginViewController.swift */; };
		38A38EE422450D1D00505D36 /* country_flag.h in Headers */ = {isa = PBXBuildFile; fileRef = 38A38EE222450D1D00505D36 /* country_flag.h */; settings = {ATTRIBUTES = (Public, ); }; };
		38A38EE722450D1D00505D36 /* country_flag.framework in Frameworks */ = {isa = PBXBuildFile; fileRef = 38A38EE022450D1D00505D36 /* country_flag.framework */; };
		38A38EE822450D1D00505D36 /* country_flag.framework in Embed Frameworks */ = {isa = PBXBuildFile; fileRef = 38A38EE022450D1D00505D36 /* country_flag.framework */; settings = {ATTRIBUTES = (CodeSignOnCopy, RemoveHeadersOnCopy, ); }; };
		38A38EF022450D3200505D36 /* Country.swift in Sources */ = {isa = PBXBuildFile; fileRef = 38A38EED22450D2F00505D36 /* Country.swift */; };
		38A38EF122450D3200505D36 /* countryCodes.json in Resources */ = {isa = PBXBuildFile; fileRef = 38A38EEE22450D2F00505D36 /* countryCodes.json */; };
		38A38EF422450E4500505D36 /* Button.swift in Sources */ = {isa = PBXBuildFile; fileRef = 38A38EF322450E4500505D36 /* Button.swift */; };
		38FF055C2253A4AE00FF72DF /* Profile.swift in Sources */ = {isa = PBXBuildFile; fileRef = 38FF055B2253A4AE00FF72DF /* Profile.swift */; };
		38FF055E2253A7B400FF72DF /* ProfileViewController.swift in Sources */ = {isa = PBXBuildFile; fileRef = 38FF055D2253A7B400FF72DF /* ProfileViewController.swift */; };
		4E1BAD235E71789A206E829C /* Pods_icustoms.framework in Frameworks */ = {isa = PBXBuildFile; fileRef = 823B5E5046286307C044824A /* Pods_icustoms.framework */; };
		846DD68D22A57A25003E842F /* Authorization.storyboard in Resources */ = {isa = PBXBuildFile; fileRef = 846DD68B22A57A25003E842F /* Authorization.storyboard */; };
		846DD69222A57A92003E842F /* Localizable.strings in Resources */ = {isa = PBXBuildFile; fileRef = 846DD69022A57A92003E842F /* Localizable.strings */; };
		846DD69422A57B61003E842F /* String.swift in Sources */ = {isa = PBXBuildFile; fileRef = 846DD69322A57B61003E842F /* String.swift */; };
		84A6D54922A7FF8700FA1829 /* RussianLanguageCell.swift in Sources */ = {isa = PBXBuildFile; fileRef = 84A6D54822A7FF8700FA1829 /* RussianLanguageCell.swift */; };
		84A6D54B22A8012900FA1829 /* EnglishLanguageCell.swift in Sources */ = {isa = PBXBuildFile; fileRef = 84A6D54A22A8012900FA1829 /* EnglishLanguageCell.swift */; };
		84A6D54D22A8015500FA1829 /* ChineseLanguageCell.swift in Sources */ = {isa = PBXBuildFile; fileRef = 84A6D54C22A8015500FA1829 /* ChineseLanguageCell.swift */; };
/* End PBXBuildFile section */

/* Begin PBXContainerItemProxy section */
		38A38EE522450D1D00505D36 /* PBXContainerItemProxy */ = {
			isa = PBXContainerItemProxy;
			containerPortal = 3848BD5C2243E4EE0047FBC9 /* Project object */;
			proxyType = 1;
			remoteGlobalIDString = 38A38EDF22450D1D00505D36;
			remoteInfo = country.flag;
		};
/* End PBXContainerItemProxy section */

/* Begin PBXCopyFilesBuildPhase section */
		38A38EEC22450D1D00505D36 /* Embed Frameworks */ = {
			isa = PBXCopyFilesBuildPhase;
			buildActionMask = 2147483647;
			dstPath = "";
			dstSubfolderSpec = 10;
			files = (
				38A38EE822450D1D00505D36 /* country_flag.framework in Embed Frameworks */,
			);
			name = "Embed Frameworks";
			runOnlyForDeploymentPostprocessing = 0;
		};
/* End PBXCopyFilesBuildPhase section */

/* Begin PBXFileReference section */
		01E82507E2BA9B11F4894854 /* Pods-icustoms.release.xcconfig */ = {isa = PBXFileReference; includeInIndex = 1; lastKnownFileType = text.xcconfig; name = "Pods-icustoms.release.xcconfig"; path = "Pods/Target Support Files/Pods-icustoms/Pods-icustoms.release.xcconfig"; sourceTree = "<group>"; };
		380C3F902264DDD0007C1518 /* GoogleService-Info.plist */ = {isa = PBXFileReference; fileEncoding = 4; lastKnownFileType = text.plist.xml; path = "GoogleService-Info.plist"; sourceTree = "<group>"; };
		382C6A02224513AF00ACF784 /* ConfirmCodeViewController.swift */ = {isa = PBXFileReference; lastKnownFileType = sourcecode.swift; path = ConfirmCodeViewController.swift; sourceTree = "<group>"; };
		382C6A0B2248F26B00ACF784 /* Extensions.swift */ = {isa = PBXFileReference; lastKnownFileType = sourcecode.swift; path = Extensions.swift; sourceTree = "<group>"; };
		383128CC225631CF0057C726 /* NotificationsViewController.swift */ = {isa = PBXFileReference; lastKnownFileType = sourcecode.swift; path = NotificationsViewController.swift; sourceTree = "<group>"; };
		383128CE2256322C0057C726 /* NotificationResponse.swift */ = {isa = PBXFileReference; lastKnownFileType = sourcecode.swift; path = NotificationResponse.swift; sourceTree = "<group>"; };
		383128D022563E930057C726 /* OrderFilesViewController.swift */ = {isa = PBXFileReference; lastKnownFileType = sourcecode.swift; path = OrderFilesViewController.swift; sourceTree = "<group>"; };
		38312969225B69D20057C726 /* CustomDetailViewController.swift */ = {isa = PBXFileReference; lastKnownFileType = sourcecode.swift; path = CustomDetailViewController.swift; sourceTree = "<group>"; };
		3831296B225B7D470057C726 /* FilterView.swift */ = {isa = PBXFileReference; lastKnownFileType = sourcecode.swift; path = FilterView.swift; sourceTree = "<group>"; };
		3831296E225CC08F0057C726 /* OrderFileDetailViewController.swift */ = {isa = PBXFileReference; lastKnownFileType = sourcecode.swift; path = OrderFileDetailViewController.swift; sourceTree = "<group>"; };
		3845ACAD2264851400D402F8 /* SettingsViewController.swift */ = {isa = PBXFileReference; lastKnownFileType = sourcecode.swift; path = SettingsViewController.swift; sourceTree = "<group>"; };
		3845ACAF226490A800D402F8 /* NotificationManager.swift */ = {isa = PBXFileReference; lastKnownFileType = sourcecode.swift; path = NotificationManager.swift; sourceTree = "<group>"; };
		3848BD642243E4EE0047FBC9 /* icustoms.app */ = {isa = PBXFileReference; explicitFileType = wrapper.application; includeInIndex = 0; path = icustoms.app; sourceTree = BUILT_PRODUCTS_DIR; };
		3848BD672243E4EE0047FBC9 /* AppDelegate.swift */ = {isa = PBXFileReference; lastKnownFileType = sourcecode.swift; path = AppDelegate.swift; sourceTree = "<group>"; };
		3848BD692243E4EE0047FBC9 /* MainViewController.swift */ = {isa = PBXFileReference; lastKnownFileType = sourcecode.swift; path = MainViewController.swift; sourceTree = "<group>"; };
		3848BD6C2243E4EE0047FBC9 /* Base */ = {isa = PBXFileReference; lastKnownFileType = file.storyboard; name = Base; path = Base.lproj/Main.storyboard; sourceTree = "<group>"; };
		3848BD6E2243E4EE0047FBC9 /* Assets.xcassets */ = {isa = PBXFileReference; lastKnownFileType = folder.assetcatalog; path = Assets.xcassets; sourceTree = "<group>"; };
		3848BD712243E4EE0047FBC9 /* Base */ = {isa = PBXFileReference; lastKnownFileType = file.storyboard; name = Base; path = Base.lproj/LaunchScreen.storyboard; sourceTree = "<group>"; };
		3848BD732243E4EE0047FBC9 /* Info.plist */ = {isa = PBXFileReference; lastKnownFileType = text.plist.xml; path = Info.plist; sourceTree = "<group>"; };
		3848BD792244CD7F0047FBC9 /* API.swift */ = {isa = PBXFileReference; lastKnownFileType = sourcecode.swift; path = API.swift; sourceTree = "<group>"; };
		386C4115224EBAC800FDFE15 /* OrderDetailViewController.swift */ = {isa = PBXFileReference; lastKnownFileType = sourcecode.swift; path = OrderDetailViewController.swift; sourceTree = "<group>"; };
		3871C6FC22492001004D3829 /* RemainsViewController.swift */ = {isa = PBXFileReference; lastKnownFileType = sourcecode.swift; path = RemainsViewController.swift; sourceTree = "<group>"; };
		3891F5F8224B74F0006AE04E /* BalanceViewController.swift */ = {isa = PBXFileReference; lastKnownFileType = sourcecode.swift; path = BalanceViewController.swift; sourceTree = "<group>"; };
		3891F5FA224B84B1006AE04E /* BalanceDetailViewController.swift */ = {isa = PBXFileReference; lastKnownFileType = sourcecode.swift; path = BalanceDetailViewController.swift; sourceTree = "<group>"; };
		3891F5FC224B9305006AE04E /* AboutAppViewController.swift */ = {isa = PBXFileReference; lastKnownFileType = sourcecode.swift; path = AboutAppViewController.swift; sourceTree = "<group>"; };
		3891F5FE224B9520006AE04E /* HelpViewController.swift */ = {isa = PBXFileReference; lastKnownFileType = sourcecode.swift; path = HelpViewController.swift; sourceTree = "<group>"; };
		3891F611224CD53F006AE04E /* AuthorizationResponse.swift */ = {isa = PBXFileReference; lastKnownFileType = sourcecode.swift; path = AuthorizationResponse.swift; sourceTree = "<group>"; };
		3891F613224CD54D006AE04E /* AccountItem.swift */ = {isa = PBXFileReference; lastKnownFileType = sourcecode.swift; path = AccountItem.swift; sourceTree = "<group>"; };
		3891F615224CD55A006AE04E /* TokenResponse.swift */ = {isa = PBXFileReference; lastKnownFileType = sourcecode.swift; path = TokenResponse.swift; sourceTree = "<group>"; };
		3891F617224CD586006AE04E /* Order.swift */ = {isa = PBXFileReference; lastKnownFileType = sourcecode.swift; path = Order.swift; sourceTree = "<group>"; };
		3891F619224CF036006AE04E /* Custom.swift */ = {isa = PBXFileReference; lastKnownFileType = sourcecode.swift; path = Custom.swift; sourceTree = "<group>"; };
		3891F61B224CF3D2006AE04E /* Transaction.swift */ = {isa = PBXFileReference; lastKnownFileType = sourcecode.swift; path = Transaction.swift; sourceTree = "<group>"; };
		38A38ED2224505C700505D36 /* Database.swift */ = {isa = PBXFileReference; fileEncoding = 4; lastKnownFileType = sourcecode.swift; path = Database.swift; sourceTree = "<group>"; };
		38A38ED72245067F00505D36 /* Storyboard.swift */ = {isa = PBXFileReference; lastKnownFileType = sourcecode.swift; path = Storyboard.swift; sourceTree = "<group>"; };
		38A38ED9224509D500505D36 /* LoginViewController.swift */ = {isa = PBXFileReference; lastKnownFileType = sourcecode.swift; path = LoginViewController.swift; sourceTree = "<group>"; };
		38A38EE022450D1D00505D36 /* country_flag.framework */ = {isa = PBXFileReference; explicitFileType = wrapper.framework; includeInIndex = 0; path = country_flag.framework; sourceTree = BUILT_PRODUCTS_DIR; };
		38A38EE222450D1D00505D36 /* country_flag.h */ = {isa = PBXFileReference; lastKnownFileType = sourcecode.c.h; path = country_flag.h; sourceTree = "<group>"; };
		38A38EE322450D1D00505D36 /* Info.plist */ = {isa = PBXFileReference; lastKnownFileType = text.plist.xml; path = Info.plist; sourceTree = "<group>"; };
		38A38EED22450D2F00505D36 /* Country.swift */ = {isa = PBXFileReference; fileEncoding = 4; lastKnownFileType = sourcecode.swift; path = Country.swift; sourceTree = "<group>"; };
		38A38EEE22450D2F00505D36 /* countryCodes.json */ = {isa = PBXFileReference; fileEncoding = 4; lastKnownFileType = text.json; path = countryCodes.json; sourceTree = "<group>"; };
		38A38EF322450E4500505D36 /* Button.swift */ = {isa = PBXFileReference; lastKnownFileType = sourcecode.swift; path = Button.swift; sourceTree = "<group>"; };
		38C6FD0D2265C72300961921 /* icustoms.entitlements */ = {isa = PBXFileReference; lastKnownFileType = text.plist.entitlements; path = icustoms.entitlements; sourceTree = "<group>"; };
		38FF055B2253A4AE00FF72DF /* Profile.swift */ = {isa = PBXFileReference; lastKnownFileType = sourcecode.swift; path = Profile.swift; sourceTree = "<group>"; };
		38FF055D2253A7B400FF72DF /* ProfileViewController.swift */ = {isa = PBXFileReference; lastKnownFileType = sourcecode.swift; path = ProfileViewController.swift; sourceTree = "<group>"; };
		3AF21E9150163A676BC28EBD /* Pods-icustoms.debug.xcconfig */ = {isa = PBXFileReference; includeInIndex = 1; lastKnownFileType = text.xcconfig; name = "Pods-icustoms.debug.xcconfig"; path = "Pods/Target Support Files/Pods-icustoms/Pods-icustoms.debug.xcconfig"; sourceTree = "<group>"; };
		823B5E5046286307C044824A /* Pods_icustoms.framework */ = {isa = PBXFileReference; explicitFileType = wrapper.framework; includeInIndex = 0; path = Pods_icustoms.framework; sourceTree = BUILT_PRODUCTS_DIR; };
		846DD68C22A57A25003E842F /* Base */ = {isa = PBXFileReference; lastKnownFileType = file.storyboard; name = Base; path = Base.lproj/Authorization.storyboard; sourceTree = "<group>"; };
		846DD68E22A57A2A003E842F /* en */ = {isa = PBXFileReference; lastKnownFileType = text.plist.strings; name = en; path = en.lproj/Authorization.strings; sourceTree = "<group>"; };
		846DD68F22A57A4D003E842F /* en */ = {isa = PBXFileReference; lastKnownFileType = text.plist.strings; name = en; path = en.lproj/Main.strings; sourceTree = "<group>"; };
		846DD69122A57A92003E842F /* en */ = {isa = PBXFileReference; lastKnownFileType = text.plist.strings; name = en; path = en.lproj/Localizable.strings; sourceTree = "<group>"; };
		846DD69322A57B61003E842F /* String.swift */ = {isa = PBXFileReference; fileEncoding = 4; lastKnownFileType = sourcecode.swift; path = String.swift; sourceTree = "<group>"; };
		8470F44822A585A40024427A /* zh-Hans */ = {isa = PBXFileReference; lastKnownFileType = text.plist.strings; name = "zh-Hans"; path = "zh-Hans.lproj/Authorization.strings"; sourceTree = "<group>"; };
		8470F44922A585A40024427A /* zh-Hans */ = {isa = PBXFileReference; lastKnownFileType = text.plist.strings; name = "zh-Hans"; path = "zh-Hans.lproj/Main.strings"; sourceTree = "<group>"; };
		8470F44A22A585A40024427A /* zh-Hans */ = {isa = PBXFileReference; lastKnownFileType = text.plist.strings; name = "zh-Hans"; path = "zh-Hans.lproj/LaunchScreen.strings"; sourceTree = "<group>"; };
		8470F44B22A585A40024427A /* zh-Hans */ = {isa = PBXFileReference; lastKnownFileType = text.plist.strings; name = "zh-Hans"; path = "zh-Hans.lproj/Localizable.strings"; sourceTree = "<group>"; };
		84A6D54222A7F3FB00FA1829 /* ru */ = {isa = PBXFileReference; lastKnownFileType = text.plist.strings; name = ru; path = ru.lproj/Authorization.strings; sourceTree = "<group>"; };
		84A6D54322A7F3FC00FA1829 /* ru */ = {isa = PBXFileReference; lastKnownFileType = text.plist.strings; name = ru; path = ru.lproj/Main.strings; sourceTree = "<group>"; };
		84A6D54422A7F3FC00FA1829 /* ru */ = {isa = PBXFileReference; lastKnownFileType = text.plist.strings; name = ru; path = ru.lproj/LaunchScreen.strings; sourceTree = "<group>"; };
		84A6D54522A7F3FC00FA1829 /* ru */ = {isa = PBXFileReference; lastKnownFileType = text.plist.strings; name = ru; path = ru.lproj/Localizable.strings; sourceTree = "<group>"; };
		84A6D54822A7FF8700FA1829 /* RussianLanguageCell.swift */ = {isa = PBXFileReference; lastKnownFileType = sourcecode.swift; path = RussianLanguageCell.swift; sourceTree = "<group>"; };
		84A6D54A22A8012900FA1829 /* EnglishLanguageCell.swift */ = {isa = PBXFileReference; lastKnownFileType = sourcecode.swift; path = EnglishLanguageCell.swift; sourceTree = "<group>"; };
		84A6D54C22A8015500FA1829 /* ChineseLanguageCell.swift */ = {isa = PBXFileReference; lastKnownFileType = sourcecode.swift; path = ChineseLanguageCell.swift; sourceTree = "<group>"; };
/* End PBXFileReference section */

/* Begin PBXFrameworksBuildPhase section */
		3848BD612243E4EE0047FBC9 /* Frameworks */ = {
			isa = PBXFrameworksBuildPhase;
			buildActionMask = 2147483647;
			files = (
				4E1BAD235E71789A206E829C /* Pods_icustoms.framework in Frameworks */,
				38A38EE722450D1D00505D36 /* country_flag.framework in Frameworks */,
			);
			runOnlyForDeploymentPostprocessing = 0;
		};
		38A38EDD22450D1D00505D36 /* Frameworks */ = {
			isa = PBXFrameworksBuildPhase;
			buildActionMask = 2147483647;
			files = (
			);
			runOnlyForDeploymentPostprocessing = 0;
		};
/* End PBXFrameworksBuildPhase section */

/* Begin PBXGroup section */
		3831296D225B7D4B0057C726 /* Views */ = {
			isa = PBXGroup;
			children = (
				3831296B225B7D470057C726 /* FilterView.swift */,
			);
			path = Views;
			sourceTree = "<group>";
		};
		3848BD5B2243E4EE0047FBC9 = {
			isa = PBXGroup;
			children = (
				3848BD662243E4EE0047FBC9 /* icustoms */,
				38A38EE122450D1D00505D36 /* country.flag */,
				3848BD652243E4EE0047FBC9 /* Products */,
				53E2EC78E5AE98999F7E23BB /* Pods */,
				FB6804EE94E87B6309A068AC /* Frameworks */,
			);
			sourceTree = "<group>";
		};
		3848BD652243E4EE0047FBC9 /* Products */ = {
			isa = PBXGroup;
			children = (
				3848BD642243E4EE0047FBC9 /* icustoms.app */,
				38A38EE022450D1D00505D36 /* country_flag.framework */,
			);
			name = Products;
			sourceTree = "<group>";
		};
		3848BD662243E4EE0047FBC9 /* icustoms */ = {
			isa = PBXGroup;
			children = (
				38C6FD0D2265C72300961921 /* icustoms.entitlements */,
				3891F60A224CD4BA006AE04E /* API */,
				38A38ED62245067000505D36 /* Authorization */,
				3891F60B224CD4C9006AE04E /* Orders */,
				3891F60C224CD4D8006AE04E /* Customs */,
				3891F60D224CD4DF006AE04E /* Balance */,
				3891F60E224CD4EB006AE04E /* Settings */,
				3891F60F224CD4FC006AE04E /* Helpers */,
				3848BD672243E4EE0047FBC9 /* AppDelegate.swift */,
				3848BD6B2243E4EE0047FBC9 /* Main.storyboard */,
				3848BD702243E4EE0047FBC9 /* LaunchScreen.storyboard */,
				3848BD6E2243E4EE0047FBC9 /* Assets.xcassets */,
				846DD69022A57A92003E842F /* Localizable.strings */,
				3848BD732243E4EE0047FBC9 /* Info.plist */,
				380C3F902264DDD0007C1518 /* GoogleService-Info.plist */,
			);
			path = icustoms;
			sourceTree = "<group>";
		};
		3891F60A224CD4BA006AE04E /* API */ = {
			isa = PBXGroup;
			children = (
				3891F610224CD523006AE04E /* Models */,
				3848BD792244CD7F0047FBC9 /* API.swift */,
			);
			path = API;
			sourceTree = "<group>";
		};
		3891F60B224CD4C9006AE04E /* Orders */ = {
			isa = PBXGroup;
			children = (
				3848BD692243E4EE0047FBC9 /* MainViewController.swift */,
				386C4115224EBAC800FDFE15 /* OrderDetailViewController.swift */,
				383128D022563E930057C726 /* OrderFilesViewController.swift */,
				3831296E225CC08F0057C726 /* OrderFileDetailViewController.swift */,
				3831296D225B7D4B0057C726 /* Views */,
			);
			path = Orders;
			sourceTree = "<group>";
		};
		3891F60C224CD4D8006AE04E /* Customs */ = {
			isa = PBXGroup;
			children = (
				3871C6FC22492001004D3829 /* RemainsViewController.swift */,
				38312969225B69D20057C726 /* CustomDetailViewController.swift */,
			);
			path = Customs;
			sourceTree = "<group>";
		};
		3891F60D224CD4DF006AE04E /* Balance */ = {
			isa = PBXGroup;
			children = (
				3891F5F8224B74F0006AE04E /* BalanceViewController.swift */,
				3891F5FA224B84B1006AE04E /* BalanceDetailViewController.swift */,
			);
			path = Balance;
			sourceTree = "<group>";
		};
		3891F60E224CD4EB006AE04E /* Settings */ = {
			isa = PBXGroup;
			children = (
				3891F5FC224B9305006AE04E /* AboutAppViewController.swift */,
				3891F5FE224B9520006AE04E /* HelpViewController.swift */,
				38FF055D2253A7B400FF72DF /* ProfileViewController.swift */,
				383128CC225631CF0057C726 /* NotificationsViewController.swift */,
				3845ACAD2264851400D402F8 /* SettingsViewController.swift */,
				84A6D54E22A8019C00FA1829 /* LanguageCell */,
			);
			path = Settings;
			sourceTree = "<group>";
		};
		3891F60F224CD4FC006AE04E /* Helpers */ = {
			isa = PBXGroup;
			children = (
				38A38ED72245067F00505D36 /* Storyboard.swift */,
				38A38EF322450E4500505D36 /* Button.swift */,
				382C6A0B2248F26B00ACF784 /* Extensions.swift */,
				38A38ED2224505C700505D36 /* Database.swift */,
				3845ACAF226490A800D402F8 /* NotificationManager.swift */,
				846DD69322A57B61003E842F /* String.swift */,
			);
			path = Helpers;
			sourceTree = "<group>";
		};
		3891F610224CD523006AE04E /* Models */ = {
			isa = PBXGroup;
			children = (
				3891F611224CD53F006AE04E /* AuthorizationResponse.swift */,
				3891F613224CD54D006AE04E /* AccountItem.swift */,
				3891F615224CD55A006AE04E /* TokenResponse.swift */,
				3891F617224CD586006AE04E /* Order.swift */,
				3891F619224CF036006AE04E /* Custom.swift */,
				3891F61B224CF3D2006AE04E /* Transaction.swift */,
				38FF055B2253A4AE00FF72DF /* Profile.swift */,
				383128CE2256322C0057C726 /* NotificationResponse.swift */,
			);
			path = Models;
			sourceTree = "<group>";
		};
		38A38ED62245067000505D36 /* Authorization */ = {
			isa = PBXGroup;
			children = (
				846DD68B22A57A25003E842F /* Authorization.storyboard */,
				38A38ED9224509D500505D36 /* LoginViewController.swift */,
				382C6A02224513AF00ACF784 /* ConfirmCodeViewController.swift */,
			);
			path = Authorization;
			sourceTree = "<group>";
		};
		38A38EE122450D1D00505D36 /* country.flag */ = {
			isa = PBXGroup;
			children = (
				38A38EE222450D1D00505D36 /* country_flag.h */,
				38A38EED22450D2F00505D36 /* Country.swift */,
				38A38EEE22450D2F00505D36 /* countryCodes.json */,
				38A38EE322450D1D00505D36 /* Info.plist */,
			);
			path = country.flag;
			sourceTree = "<group>";
		};
		53E2EC78E5AE98999F7E23BB /* Pods */ = {
			isa = PBXGroup;
			children = (
				3AF21E9150163A676BC28EBD /* Pods-icustoms.debug.xcconfig */,
				01E82507E2BA9B11F4894854 /* Pods-icustoms.release.xcconfig */,
			);
			name = Pods;
			sourceTree = "<group>";
		};
		84A6D54E22A8019C00FA1829 /* LanguageCell */ = {
			isa = PBXGroup;
			children = (
				84A6D54A22A8012900FA1829 /* EnglishLanguageCell.swift */,
				84A6D54C22A8015500FA1829 /* ChineseLanguageCell.swift */,
				84A6D54822A7FF8700FA1829 /* RussianLanguageCell.swift */,
			);
			path = LanguageCell;
			sourceTree = "<group>";
		};
		FB6804EE94E87B6309A068AC /* Frameworks */ = {
			isa = PBXGroup;
			children = (
				823B5E5046286307C044824A /* Pods_icustoms.framework */,
			);
			name = Frameworks;
			sourceTree = "<group>";
		};
/* End PBXGroup section */

/* Begin PBXHeadersBuildPhase section */
		38A38EDB22450D1D00505D36 /* Headers */ = {
			isa = PBXHeadersBuildPhase;
			buildActionMask = 2147483647;
			files = (
				38A38EE422450D1D00505D36 /* country_flag.h in Headers */,
			);
			runOnlyForDeploymentPostprocessing = 0;
		};
/* End PBXHeadersBuildPhase section */

/* Begin PBXNativeTarget section */
		3848BD632243E4EE0047FBC9 /* icustoms */ = {
			isa = PBXNativeTarget;
			buildConfigurationList = 3848BD762243E4EE0047FBC9 /* Build configuration list for PBXNativeTarget "icustoms" */;
			buildPhases = (
				C0BDD3FE49624761DEAB488A /* [CP] Check Pods Manifest.lock */,
				3848BD602243E4EE0047FBC9 /* Sources */,
				3848BD612243E4EE0047FBC9 /* Frameworks */,
				3848BD622243E4EE0047FBC9 /* Resources */,
				0482218B59ABA03267DF7E9E /* [CP] Embed Pods Frameworks */,
				38A38EEC22450D1D00505D36 /* Embed Frameworks */,
			);
			buildRules = (
			);
			dependencies = (
				38A38EE622450D1D00505D36 /* PBXTargetDependency */,
			);
			name = icustoms;
			productName = icustoms;
			productReference = 3848BD642243E4EE0047FBC9 /* icustoms.app */;
			productType = "com.apple.product-type.application";
		};
		38A38EDF22450D1D00505D36 /* country.flag */ = {
			isa = PBXNativeTarget;
			buildConfigurationList = 38A38EE922450D1D00505D36 /* Build configuration list for PBXNativeTarget "country.flag" */;
			buildPhases = (
				38A38EDB22450D1D00505D36 /* Headers */,
				38A38EDC22450D1D00505D36 /* Sources */,
				38A38EDD22450D1D00505D36 /* Frameworks */,
				38A38EDE22450D1D00505D36 /* Resources */,
			);
			buildRules = (
			);
			dependencies = (
			);
			name = country.flag;
			productName = country.flag;
			productReference = 38A38EE022450D1D00505D36 /* country_flag.framework */;
			productType = "com.apple.product-type.framework";
		};
/* End PBXNativeTarget section */

/* Begin PBXProject section */
		3848BD5C2243E4EE0047FBC9 /* Project object */ = {
			isa = PBXProject;
			attributes = {
				LastSwiftUpdateCheck = 1010;
				LastUpgradeCheck = 1010;
				ORGANIZATIONNAME = "Dmitry Kuzin";
				TargetAttributes = {
					3848BD632243E4EE0047FBC9 = {
						CreatedOnToolsVersion = 10.1;
						LastSwiftMigration = 1020;
						SystemCapabilities = {
							com.apple.Push = {
								enabled = 1;
							};
						};
					};
					38A38EDF22450D1D00505D36 = {
						CreatedOnToolsVersion = 10.1;
						LastSwiftMigration = 1020;
					};
				};
			};
			buildConfigurationList = 3848BD5F2243E4EE0047FBC9 /* Build configuration list for PBXProject "icustoms" */;
			compatibilityVersion = "Xcode 9.3";
			developmentRegion = en;
			hasScannedForEncodings = 0;
			knownRegions = (
				en,
				Base,
				"zh-Hans",
				ru,
			);
			mainGroup = 3848BD5B2243E4EE0047FBC9;
			productRefGroup = 3848BD652243E4EE0047FBC9 /* Products */;
			projectDirPath = "";
			projectRoot = "";
			targets = (
				3848BD632243E4EE0047FBC9 /* icustoms */,
				38A38EDF22450D1D00505D36 /* country.flag */,
			);
		};
/* End PBXProject section */

/* Begin PBXResourcesBuildPhase section */
		3848BD622243E4EE0047FBC9 /* Resources */ = {
			isa = PBXResourcesBuildPhase;
			buildActionMask = 2147483647;
			files = (
				3848BD722243E4EE0047FBC9 /* LaunchScreen.storyboard in Resources */,
				846DD69222A57A92003E842F /* Localizable.strings in Resources */,
				846DD68D22A57A25003E842F /* Authorization.storyboard in Resources */,
				380C3F912264DDD0007C1518 /* GoogleService-Info.plist in Resources */,
				3848BD6F2243E4EE0047FBC9 /* Assets.xcassets in Resources */,
				3848BD6D2243E4EE0047FBC9 /* Main.storyboard in Resources */,
			);
			runOnlyForDeploymentPostprocessing = 0;
		};
		38A38EDE22450D1D00505D36 /* Resources */ = {
			isa = PBXResourcesBuildPhase;
			buildActionMask = 2147483647;
			files = (
				38A38EF122450D3200505D36 /* countryCodes.json in Resources */,
			);
			runOnlyForDeploymentPostprocessing = 0;
		};
/* End PBXResourcesBuildPhase section */

/* Begin PBXShellScriptBuildPhase section */
		0482218B59ABA03267DF7E9E /* [CP] Embed Pods Frameworks */ = {
			isa = PBXShellScriptBuildPhase;
			buildActionMask = 2147483647;
			files = (
			);
			inputFileListPaths = (
				"${PODS_ROOT}/Target Support Files/Pods-icustoms/Pods-icustoms-frameworks-${CONFIGURATION}-input-files.xcfilelist",
			);
			name = "[CP] Embed Pods Frameworks";
			outputFileListPaths = (
				"${PODS_ROOT}/Target Support Files/Pods-icustoms/Pods-icustoms-frameworks-${CONFIGURATION}-output-files.xcfilelist",
			);
			runOnlyForDeploymentPostprocessing = 0;
			shellPath = /bin/sh;
			shellScript = "\"${PODS_ROOT}/Target Support Files/Pods-icustoms/Pods-icustoms-frameworks.sh\"\n";
			showEnvVarsInLog = 0;
		};
		C0BDD3FE49624761DEAB488A /* [CP] Check Pods Manifest.lock */ = {
			isa = PBXShellScriptBuildPhase;
			buildActionMask = 2147483647;
			files = (
			);
			inputFileListPaths = (
			);
			inputPaths = (
				"${PODS_PODFILE_DIR_PATH}/Podfile.lock",
				"${PODS_ROOT}/Manifest.lock",
			);
			name = "[CP] Check Pods Manifest.lock";
			outputFileListPaths = (
			);
			outputPaths = (
				"$(DERIVED_FILE_DIR)/Pods-icustoms-checkManifestLockResult.txt",
			);
			runOnlyForDeploymentPostprocessing = 0;
			shellPath = /bin/sh;
			shellScript = "diff \"${PODS_PODFILE_DIR_PATH}/Podfile.lock\" \"${PODS_ROOT}/Manifest.lock\" > /dev/null\nif [ $? != 0 ] ; then\n    # print error to STDERR\n    echo \"error: The sandbox is not in sync with the Podfile.lock. Run 'pod install' or update your CocoaPods installation.\" >&2\n    exit 1\nfi\n# This output is used by Xcode 'outputs' to avoid re-running this script phase.\necho \"SUCCESS\" > \"${SCRIPT_OUTPUT_FILE_0}\"\n";
			showEnvVarsInLog = 0;
		};
/* End PBXShellScriptBuildPhase section */

/* Begin PBXSourcesBuildPhase section */
		3848BD602243E4EE0047FBC9 /* Sources */ = {
			isa = PBXSourcesBuildPhase;
			buildActionMask = 2147483647;
			files = (
				3831296F225CC08F0057C726 /* OrderFileDetailViewController.swift in Sources */,
				84A6D54D22A8015500FA1829 /* ChineseLanguageCell.swift in Sources */,
				3831296C225B7D470057C726 /* FilterView.swift in Sources */,
				386C4116224EBAC800FDFE15 /* OrderDetailViewController.swift in Sources */,
				38A38EF422450E4500505D36 /* Button.swift in Sources */,
				3891F5FD224B9305006AE04E /* AboutAppViewController.swift in Sources */,
				3891F612224CD53F006AE04E /* AuthorizationResponse.swift in Sources */,
				382C6A0C2248F26B00ACF784 /* Extensions.swift in Sources */,
				38A38EDA224509D500505D36 /* LoginViewController.swift in Sources */,
				382C6A03224513AF00ACF784 /* ConfirmCodeViewController.swift in Sources */,
				3891F616224CD55A006AE04E /* TokenResponse.swift in Sources */,
				3848BD6A2243E4EE0047FBC9 /* MainViewController.swift in Sources */,
				38A38ED82245067F00505D36 /* Storyboard.swift in Sources */,
				3891F614224CD54D006AE04E /* AccountItem.swift in Sources */,
				3891F5FF224B9520006AE04E /* HelpViewController.swift in Sources */,
				3871C6FD22492001004D3829 /* RemainsViewController.swift in Sources */,
				3891F618224CD586006AE04E /* Order.swift in Sources */,
				3848BD7A2244CD7F0047FBC9 /* API.swift in Sources */,
				383128CD225631CF0057C726 /* NotificationsViewController.swift in Sources */,
				383128CF2256322C0057C726 /* NotificationResponse.swift in Sources */,
				383128D122563E930057C726 /* OrderFilesViewController.swift in Sources */,
				38FF055E2253A7B400FF72DF /* ProfileViewController.swift in Sources */,
				3891F61C224CF3D2006AE04E /* Transaction.swift in Sources */,
				84A6D54B22A8012900FA1829 /* EnglishLanguageCell.swift in Sources */,
				3845ACB0226490A800D402F8 /* NotificationManager.swift in Sources */,
				84A6D54922A7FF8700FA1829 /* RussianLanguageCell.swift in Sources */,
				3831296A225B69D20057C726 /* CustomDetailViewController.swift in Sources */,
				3845ACAE2264851400D402F8 /* SettingsViewController.swift in Sources */,
				3891F5FB224B84B1006AE04E /* BalanceDetailViewController.swift in Sources */,
				3891F61A224CF036006AE04E /* Custom.swift in Sources */,
				38A38ED3224505C700505D36 /* Database.swift in Sources */,
				38FF055C2253A4AE00FF72DF /* Profile.swift in Sources */,
				3891F5F9224B74F0006AE04E /* BalanceViewController.swift in Sources */,
				846DD69422A57B61003E842F /* String.swift in Sources */,
				3848BD682243E4EE0047FBC9 /* AppDelegate.swift in Sources */,
			);
			runOnlyForDeploymentPostprocessing = 0;
		};
		38A38EDC22450D1D00505D36 /* Sources */ = {
			isa = PBXSourcesBuildPhase;
			buildActionMask = 2147483647;
			files = (
				38A38EF022450D3200505D36 /* Country.swift in Sources */,
			);
			runOnlyForDeploymentPostprocessing = 0;
		};
/* End PBXSourcesBuildPhase section */

/* Begin PBXTargetDependency section */
		38A38EE622450D1D00505D36 /* PBXTargetDependency */ = {
			isa = PBXTargetDependency;
			target = 38A38EDF22450D1D00505D36 /* country.flag */;
			targetProxy = 38A38EE522450D1D00505D36 /* PBXContainerItemProxy */;
		};
/* End PBXTargetDependency section */

/* Begin PBXVariantGroup section */
		3848BD6B2243E4EE0047FBC9 /* Main.storyboard */ = {
			isa = PBXVariantGroup;
			children = (
				3848BD6C2243E4EE0047FBC9 /* Base */,
				846DD68F22A57A4D003E842F /* en */,
				8470F44922A585A40024427A /* zh-Hans */,
				84A6D54322A7F3FC00FA1829 /* ru */,
			);
			name = Main.storyboard;
			sourceTree = "<group>";
		};
		3848BD702243E4EE0047FBC9 /* LaunchScreen.storyboard */ = {
			isa = PBXVariantGroup;
			children = (
				3848BD712243E4EE0047FBC9 /* Base */,
				8470F44A22A585A40024427A /* zh-Hans */,
				84A6D54422A7F3FC00FA1829 /* ru */,
			);
			name = LaunchScreen.storyboard;
			sourceTree = "<group>";
		};
		846DD68B22A57A25003E842F /* Authorization.storyboard */ = {
			isa = PBXVariantGroup;
			children = (
				846DD68C22A57A25003E842F /* Base */,
				846DD68E22A57A2A003E842F /* en */,
				8470F44822A585A40024427A /* zh-Hans */,
				84A6D54222A7F3FB00FA1829 /* ru */,
			);
			name = Authorization.storyboard;
			sourceTree = "<group>";
		};
		846DD69022A57A92003E842F /* Localizable.strings */ = {
			isa = PBXVariantGroup;
			children = (
				846DD69122A57A92003E842F /* en */,
				8470F44B22A585A40024427A /* zh-Hans */,
				84A6D54522A7F3FC00FA1829 /* ru */,
			);
			name = Localizable.strings;
			sourceTree = "<group>";
		};
/* End PBXVariantGroup section */

/* Begin XCBuildConfiguration section */
		3848BD742243E4EE0047FBC9 /* Debug */ = {
			isa = XCBuildConfiguration;
			buildSettings = {
				ALWAYS_SEARCH_USER_PATHS = NO;
				CLANG_ANALYZER_LOCALIZABILITY_NONLOCALIZED = YES;
				CLANG_ANALYZER_NONNULL = YES;
				CLANG_ANALYZER_NUMBER_OBJECT_CONVERSION = YES_AGGRESSIVE;
				CLANG_CXX_LANGUAGE_STANDARD = "gnu++14";
				CLANG_CXX_LIBRARY = "libc++";
				CLANG_ENABLE_MODULES = YES;
				CLANG_ENABLE_OBJC_ARC = YES;
				CLANG_ENABLE_OBJC_WEAK = YES;
				CLANG_WARN_BLOCK_CAPTURE_AUTORELEASING = YES;
				CLANG_WARN_BOOL_CONVERSION = YES;
				CLANG_WARN_COMMA = YES;
				CLANG_WARN_CONSTANT_CONVERSION = YES;
				CLANG_WARN_DEPRECATED_OBJC_IMPLEMENTATIONS = YES;
				CLANG_WARN_DIRECT_OBJC_ISA_USAGE = YES_ERROR;
				CLANG_WARN_DOCUMENTATION_COMMENTS = YES;
				CLANG_WARN_EMPTY_BODY = YES;
				CLANG_WARN_ENUM_CONVERSION = YES;
				CLANG_WARN_INFINITE_RECURSION = YES;
				CLANG_WARN_INT_CONVERSION = YES;
				CLANG_WARN_NON_LITERAL_NULL_CONVERSION = YES;
				CLANG_WARN_OBJC_IMPLICIT_RETAIN_SELF = YES;
				CLANG_WARN_OBJC_LITERAL_CONVERSION = YES;
				CLANG_WARN_OBJC_ROOT_CLASS = YES_ERROR;
				CLANG_WARN_RANGE_LOOP_ANALYSIS = YES;
				CLANG_WARN_STRICT_PROTOTYPES = YES;
				CLANG_WARN_SUSPICIOUS_MOVE = YES;
				CLANG_WARN_UNGUARDED_AVAILABILITY = YES_AGGRESSIVE;
				CLANG_WARN_UNREACHABLE_CODE = YES;
				CLANG_WARN__DUPLICATE_METHOD_MATCH = YES;
				CODE_SIGN_IDENTITY = "iPhone Developer";
				COPY_PHASE_STRIP = NO;
				DEBUG_INFORMATION_FORMAT = dwarf;
				ENABLE_STRICT_OBJC_MSGSEND = YES;
				ENABLE_TESTABILITY = YES;
				GCC_C_LANGUAGE_STANDARD = gnu11;
				GCC_DYNAMIC_NO_PIC = NO;
				GCC_NO_COMMON_BLOCKS = YES;
				GCC_OPTIMIZATION_LEVEL = 0;
				GCC_PREPROCESSOR_DEFINITIONS = (
					"DEBUG=1",
					"$(inherited)",
				);
				GCC_WARN_64_TO_32_BIT_CONVERSION = YES;
				GCC_WARN_ABOUT_RETURN_TYPE = YES_ERROR;
				GCC_WARN_UNDECLARED_SELECTOR = YES;
				GCC_WARN_UNINITIALIZED_AUTOS = YES_AGGRESSIVE;
				GCC_WARN_UNUSED_FUNCTION = YES;
				GCC_WARN_UNUSED_VARIABLE = YES;
				IPHONEOS_DEPLOYMENT_TARGET = 12.1;
				MTL_ENABLE_DEBUG_INFO = INCLUDE_SOURCE;
				MTL_FAST_MATH = YES;
				ONLY_ACTIVE_ARCH = YES;
				SDKROOT = iphoneos;
				SWIFT_ACTIVE_COMPILATION_CONDITIONS = DEBUG;
				SWIFT_OPTIMIZATION_LEVEL = "-Onone";
			};
			name = Debug;
		};
		3848BD752243E4EE0047FBC9 /* Release */ = {
			isa = XCBuildConfiguration;
			buildSettings = {
				ALWAYS_SEARCH_USER_PATHS = NO;
				CLANG_ANALYZER_LOCALIZABILITY_NONLOCALIZED = YES;
				CLANG_ANALYZER_NONNULL = YES;
				CLANG_ANALYZER_NUMBER_OBJECT_CONVERSION = YES_AGGRESSIVE;
				CLANG_CXX_LANGUAGE_STANDARD = "gnu++14";
				CLANG_CXX_LIBRARY = "libc++";
				CLANG_ENABLE_MODULES = YES;
				CLANG_ENABLE_OBJC_ARC = YES;
				CLANG_ENABLE_OBJC_WEAK = YES;
				CLANG_WARN_BLOCK_CAPTURE_AUTORELEASING = YES;
				CLANG_WARN_BOOL_CONVERSION = YES;
				CLANG_WARN_COMMA = YES;
				CLANG_WARN_CONSTANT_CONVERSION = YES;
				CLANG_WARN_DEPRECATED_OBJC_IMPLEMENTATIONS = YES;
				CLANG_WARN_DIRECT_OBJC_ISA_USAGE = YES_ERROR;
				CLANG_WARN_DOCUMENTATION_COMMENTS = YES;
				CLANG_WARN_EMPTY_BODY = YES;
				CLANG_WARN_ENUM_CONVERSION = YES;
				CLANG_WARN_INFINITE_RECURSION = YES;
				CLANG_WARN_INT_CONVERSION = YES;
				CLANG_WARN_NON_LITERAL_NULL_CONVERSION = YES;
				CLANG_WARN_OBJC_IMPLICIT_RETAIN_SELF = YES;
				CLANG_WARN_OBJC_LITERAL_CONVERSION = YES;
				CLANG_WARN_OBJC_ROOT_CLASS = YES_ERROR;
				CLANG_WARN_RANGE_LOOP_ANALYSIS = YES;
				CLANG_WARN_STRICT_PROTOTYPES = YES;
				CLANG_WARN_SUSPICIOUS_MOVE = YES;
				CLANG_WARN_UNGUARDED_AVAILABILITY = YES_AGGRESSIVE;
				CLANG_WARN_UNREACHABLE_CODE = YES;
				CLANG_WARN__DUPLICATE_METHOD_MATCH = YES;
				CODE_SIGN_IDENTITY = "iPhone Developer";
				COPY_PHASE_STRIP = NO;
				DEBUG_INFORMATION_FORMAT = "dwarf-with-dsym";
				ENABLE_NS_ASSERTIONS = NO;
				ENABLE_STRICT_OBJC_MSGSEND = YES;
				GCC_C_LANGUAGE_STANDARD = gnu11;
				GCC_NO_COMMON_BLOCKS = YES;
				GCC_WARN_64_TO_32_BIT_CONVERSION = YES;
				GCC_WARN_ABOUT_RETURN_TYPE = YES_ERROR;
				GCC_WARN_UNDECLARED_SELECTOR = YES;
				GCC_WARN_UNINITIALIZED_AUTOS = YES_AGGRESSIVE;
				GCC_WARN_UNUSED_FUNCTION = YES;
				GCC_WARN_UNUSED_VARIABLE = YES;
				IPHONEOS_DEPLOYMENT_TARGET = 12.1;
				MTL_ENABLE_DEBUG_INFO = NO;
				MTL_FAST_MATH = YES;
				SDKROOT = iphoneos;
				SWIFT_COMPILATION_MODE = wholemodule;
				SWIFT_OPTIMIZATION_LEVEL = "-O";
				VALIDATE_PRODUCT = YES;
			};
			name = Release;
		};
		3848BD772243E4EE0047FBC9 /* Debug */ = {
			isa = XCBuildConfiguration;
			baseConfigurationReference = 3AF21E9150163A676BC28EBD /* Pods-icustoms.debug.xcconfig */;
			buildSettings = {
				ALWAYS_EMBED_SWIFT_STANDARD_LIBRARIES = "$(inherited)";
				ASSETCATALOG_COMPILER_APPICON_NAME = AppIcon;
				CODE_SIGN_ENTITLEMENTS = icustoms/icustoms.entitlements;
				CODE_SIGN_IDENTITY = "iPhone Developer";
				CODE_SIGN_STYLE = Automatic;
				CURRENT_PROJECT_VERSION = 4;
				DEVELOPMENT_TEAM = 8VZCJV2GJY;
				INFOPLIST_FILE = icustoms/Info.plist;
				IPHONEOS_DEPLOYMENT_TARGET = 10.0;
				LD_RUNPATH_SEARCH_PATHS = (
					"$(inherited)",
					"@executable_path/Frameworks",
				);
				PRODUCT_BUNDLE_IDENTIFIER = com.icustoms.app;
				PRODUCT_NAME = "$(TARGET_NAME)";
				PROVISIONING_PROFILE_SPECIFIER = "";
				SWIFT_VERSION = 5.0;
				TARGETED_DEVICE_FAMILY = 1;
			};
			name = Debug;
		};
		3848BD782243E4EE0047FBC9 /* Release */ = {
			isa = XCBuildConfiguration;
			baseConfigurationReference = 01E82507E2BA9B11F4894854 /* Pods-icustoms.release.xcconfig */;
			buildSettings = {
				ALWAYS_EMBED_SWIFT_STANDARD_LIBRARIES = "$(inherited)";
				ASSETCATALOG_COMPILER_APPICON_NAME = AppIcon;
				CODE_SIGN_ENTITLEMENTS = icustoms/icustoms.entitlements;
				CODE_SIGN_IDENTITY = "iPhone Developer";
				CODE_SIGN_STYLE = Automatic;
				CURRENT_PROJECT_VERSION = 4;
				DEVELOPMENT_TEAM = 8VZCJV2GJY;
				INFOPLIST_FILE = icustoms/Info.plist;
				IPHONEOS_DEPLOYMENT_TARGET = 10.0;
				LD_RUNPATH_SEARCH_PATHS = (
					"$(inherited)",
					"@executable_path/Frameworks",
				);
				PRODUCT_BUNDLE_IDENTIFIER = com.icustoms.app;
				PRODUCT_NAME = "$(TARGET_NAME)";
				PROVISIONING_PROFILE_SPECIFIER = "";
				SWIFT_VERSION = 5.0;
				TARGETED_DEVICE_FAMILY = 1;
			};
			name = Release;
		};
		38A38EEA22450D1D00505D36 /* Debug */ = {
			isa = XCBuildConfiguration;
			buildSettings = {
				CLANG_ENABLE_MODULES = YES;
				CODE_SIGN_IDENTITY = "";
				CODE_SIGN_STYLE = Automatic;
				CURRENT_PROJECT_VERSION = 1;
				DEFINES_MODULE = YES;
				DEVELOPMENT_TEAM = "";
				DYLIB_COMPATIBILITY_VERSION = 1;
				DYLIB_CURRENT_VERSION = 1;
				DYLIB_INSTALL_NAME_BASE = "@rpath";
				INFOPLIST_FILE = country.flag/Info.plist;
				INSTALL_PATH = "$(LOCAL_LIBRARY_DIR)/Frameworks";
				IPHONEOS_DEPLOYMENT_TARGET = 10.0;
				LD_RUNPATH_SEARCH_PATHS = (
					"$(inherited)",
					"@executable_path/Frameworks",
					"@loader_path/Frameworks",
				);
				PRODUCT_BUNDLE_IDENTIFIER = "es.kuzin.country-flag";
				PRODUCT_NAME = "$(TARGET_NAME:c99extidentifier)";
				SKIP_INSTALL = YES;
				SWIFT_OPTIMIZATION_LEVEL = "-Onone";
				SWIFT_VERSION = 5.0;
				TARGETED_DEVICE_FAMILY = "1,2";
				VERSIONING_SYSTEM = "apple-generic";
				VERSION_INFO_PREFIX = "";
			};
			name = Debug;
		};
		38A38EEB22450D1D00505D36 /* Release */ = {
			isa = XCBuildConfiguration;
			buildSettings = {
				CLANG_ENABLE_MODULES = YES;
				CODE_SIGN_IDENTITY = "";
				CODE_SIGN_STYLE = Automatic;
				CURRENT_PROJECT_VERSION = 1;
				DEFINES_MODULE = YES;
				DEVELOPMENT_TEAM = "";
				DYLIB_COMPATIBILITY_VERSION = 1;
				DYLIB_CURRENT_VERSION = 1;
				DYLIB_INSTALL_NAME_BASE = "@rpath";
				INFOPLIST_FILE = country.flag/Info.plist;
				INSTALL_PATH = "$(LOCAL_LIBRARY_DIR)/Frameworks";
				IPHONEOS_DEPLOYMENT_TARGET = 10.0;
				LD_RUNPATH_SEARCH_PATHS = (
					"$(inherited)",
					"@executable_path/Frameworks",
					"@loader_path/Frameworks",
				);
				PRODUCT_BUNDLE_IDENTIFIER = "es.kuzin.country-flag";
				PRODUCT_NAME = "$(TARGET_NAME:c99extidentifier)";
				SKIP_INSTALL = YES;
				SWIFT_VERSION = 5.0;
				TARGETED_DEVICE_FAMILY = "1,2";
				VERSIONING_SYSTEM = "apple-generic";
				VERSION_INFO_PREFIX = "";
			};
			name = Release;
		};
/* End XCBuildConfiguration section */

/* Begin XCConfigurationList section */
		3848BD5F2243E4EE0047FBC9 /* Build configuration list for PBXProject "icustoms" */ = {
			isa = XCConfigurationList;
			buildConfigurations = (
				3848BD742243E4EE0047FBC9 /* Debug */,
				3848BD752243E4EE0047FBC9 /* Release */,
			);
			defaultConfigurationIsVisible = 0;
			defaultConfigurationName = Release;
		};
		3848BD762243E4EE0047FBC9 /* Build configuration list for PBXNativeTarget "icustoms" */ = {
			isa = XCConfigurationList;
			buildConfigurations = (
				3848BD772243E4EE0047FBC9 /* Debug */,
				3848BD782243E4EE0047FBC9 /* Release */,
			);
			defaultConfigurationIsVisible = 0;
			defaultConfigurationName = Release;
		};
		38A38EE922450D1D00505D36 /* Build configuration list for PBXNativeTarget "country.flag" */ = {
			isa = XCConfigurationList;
			buildConfigurations = (
				38A38EEA22450D1D00505D36 /* Debug */,
				38A38EEB22450D1D00505D36 /* Release */,
			);
			defaultConfigurationIsVisible = 0;
			defaultConfigurationName = Release;
		};
/* End XCConfigurationList section */
	};
	rootObject = 3848BD5C2243E4EE0047FBC9 /* Project object */;
}
